// !$*UTF8*$!
{
	archiveVersion = 1;
	classes = {
	};
	objectVersion = 50;
	objects = {

/* Begin PBXBuildFile section */
		3123A4942288439F00B4531C /* DetailViewController.swift in Sources */ = {isa = PBXBuildFile; fileRef = 3123A4932288439F00B4531C /* DetailViewController.swift */; };
		31C718F922883AD5009730B1 /* AppDelegate.swift in Sources */ = {isa = PBXBuildFile; fileRef = 31C718F822883AD5009730B1 /* AppDelegate.swift */; };
		31C718FE22883AD5009730B1 /* Main.storyboard in Resources */ = {isa = PBXBuildFile; fileRef = 31C718FC22883AD5009730B1 /* Main.storyboard */; };
		31C7190022883AD6009730B1 /* Assets.xcassets in Resources */ = {isa = PBXBuildFile; fileRef = 31C718FF22883AD6009730B1 /* Assets.xcassets */; };
		31C7190322883AD6009730B1 /* LaunchScreen.storyboard in Resources */ = {isa = PBXBuildFile; fileRef = 31C7190122883AD6009730B1 /* LaunchScreen.storyboard */; };
		31C7190B22883B55009730B1 /* PreviewPage.swift in Sources */ = {isa = PBXBuildFile; fileRef = 31C7190A22883B55009730B1 /* PreviewPage.swift */; };
		31C7190F22883CF7009730B1 /* ArtCoverCell.swift in Sources */ = {isa = PBXBuildFile; fileRef = 31C7190E22883CF7009730B1 /* ArtCoverCell.swift */; };
/* End PBXBuildFile section */

/* Begin PBXFileReference section */
		3123A4932288439F00B4531C /* DetailViewController.swift */ = {isa = PBXFileReference; lastKnownFileType = sourcecode.swift; path = DetailViewController.swift; sourceTree = "<group>"; };
		31C718F522883AD5009730B1 /* UI_Course5 (ArtCover).app */ = {isa = PBXFileReference; explicitFileType = wrapper.application; includeInIndex = 0; path = "UI_Course5 (ArtCover).app"; sourceTree = BUILT_PRODUCTS_DIR; };
		31C718F822883AD5009730B1 /* AppDelegate.swift */ = {isa = PBXFileReference; lastKnownFileType = sourcecode.swift; path = AppDelegate.swift; sourceTree = "<group>"; };
		31C718FD22883AD5009730B1 /* Base */ = {isa = PBXFileReference; lastKnownFileType = file.storyboard; name = Base; path = Base.lproj/Main.storyboard; sourceTree = "<group>"; };
		31C718FF22883AD6009730B1 /* Assets.xcassets */ = {isa = PBXFileReference; lastKnownFileType = folder.assetcatalog; path = Assets.xcassets; sourceTree = "<group>"; };
		31C7190222883AD6009730B1 /* Base */ = {isa = PBXFileReference; lastKnownFileType = file.storyboard; name = Base; path = Base.lproj/LaunchScreen.storyboard; sourceTree = "<group>"; };
		31C7190422883AD6009730B1 /* Info.plist */ = {isa = PBXFileReference; lastKnownFileType = text.plist.xml; path = Info.plist; sourceTree = "<group>"; };
		31C7190A22883B55009730B1 /* PreviewPage.swift */ = {isa = PBXFileReference; lastKnownFileType = sourcecode.swift; path = PreviewPage.swift; sourceTree = "<group>"; };
		31C7190E22883CF7009730B1 /* ArtCoverCell.swift */ = {isa = PBXFileReference; lastKnownFileType = sourcecode.swift; path = ArtCoverCell.swift; sourceTree = "<group>"; };
/* End PBXFileReference section */

/* Begin PBXFrameworksBuildPhase section */
		31C718F222883AD5009730B1 /* Frameworks */ = {
			isa = PBXFrameworksBuildPhase;
			buildActionMask = 2147483647;
			files = (
			);
			runOnlyForDeploymentPostprocessing = 0;
		};
/* End PBXFrameworksBuildPhase section */

/* Begin PBXGroup section */
		31C718EC22883AD5009730B1 = {
			isa = PBXGroup;
			children = (
				31C718F722883AD5009730B1 /* UI_Course5 (ArtCover) */,
				31C718F622883AD5009730B1 /* Products */,
			);
			sourceTree = "<group>";
		};
		31C718F622883AD5009730B1 /* Products */ = {
			isa = PBXGroup;
			children = (
				31C718F522883AD5009730B1 /* UI_Course5 (ArtCover).app */,
			);
			name = Products;
			sourceTree = "<group>";
		};
		31C718F722883AD5009730B1 /* UI_Course5 (ArtCover) */ = {
			isa = PBXGroup;
			children = (
				31C718F822883AD5009730B1 /* AppDelegate.swift */,
				31C7190A22883B55009730B1 /* PreviewPage.swift */,
				31C7190E22883CF7009730B1 /* ArtCoverCell.swift */,
				3123A4932288439F00B4531C /* DetailViewController.swift */,
				31C718FC22883AD5009730B1 /* Main.storyboard */,
				31C718FF22883AD6009730B1 /* Assets.xcassets */,
				31C7190122883AD6009730B1 /* LaunchScreen.storyboard */,
				31C7190422883AD6009730B1 /* Info.plist */,
			);
			path = "UI_Course5 (ArtCover)";
			sourceTree = "<group>";
		};
/* End PBXGroup section */

/* Begin PBXNativeTarget section */
		31C718F422883AD5009730B1 /* UI_Course5 (ArtCover) */ = {
			isa = PBXNativeTarget;
			buildConfigurationList = 31C7190722883AD6009730B1 /* Build configuration list for PBXNativeTarget "UI_Course5 (ArtCover)" */;
			buildPhases = (
				31C718F122883AD5009730B1 /* Sources */,
				31C718F222883AD5009730B1 /* Frameworks */,
				31C718F322883AD5009730B1 /* Resources */,
			);
			buildRules = (
			);
			dependencies = (
			);
			name = "UI_Course5 (ArtCover)";
			productName = "UI_Course5 (ArtCover)";
			productReference = 31C718F522883AD5009730B1 /* UI_Course5 (ArtCover).app */;
			productType = "com.apple.product-type.application";
		};
/* End PBXNativeTarget section */

/* Begin PBXProject section */
		31C718ED22883AD5009730B1 /* Project object */ = {
			isa = PBXProject;
			attributes = {
				LastSwiftUpdateCheck = 1020;
				LastUpgradeCheck = 1020;
				ORGANIZATIONNAME = "Aleksandr Tarasov";
				TargetAttributes = {
					31C718F422883AD5009730B1 = {
						CreatedOnToolsVersion = 10.2.1;
					};
				};
			};
			buildConfigurationList = 31C718F022883AD5009730B1 /* Build configuration list for PBXProject "UI_Course5 (ArtCover)" */;
			compatibilityVersion = "Xcode 9.3";
			developmentRegion = en;
			hasScannedForEncodings = 0;
			knownRegions = (
				en,
				Base,
			);
			mainGroup = 31C718EC22883AD5009730B1;
			productRefGroup = 31C718F622883AD5009730B1 /* Products */;
			projectDirPath = "";
			projectRoot = "";
			targets = (
				31C718F422883AD5009730B1 /* UI_Course5 (ArtCover) */,
			);
		};
/* End PBXProject section */

/* Begin PBXResourcesBuildPhase section */
		31C718F322883AD5009730B1 /* Resources */ = {
			isa = PBXResourcesBuildPhase;
			buildActionMask = 2147483647;
			files = (
				31C7190322883AD6009730B1 /* LaunchScreen.storyboard in Resources */,
				31C7190022883AD6009730B1 /* Assets.xcassets in Resources */,
				31C718FE22883AD5009730B1 /* Main.storyboard in Resources */,
			);
			runOnlyForDeploymentPostprocessing = 0;
		};
/* End PBXResourcesBuildPhase section */

/* Begin PBXSourcesBuildPhase section */
		31C718F122883AD5009730B1 /* Sources */ = {
			isa = PBXSourcesBuildPhase;
			buildActionMask = 2147483647;
			files = (
				31C718F922883AD5009730B1 /* AppDelegate.swift in Sources */,
				31C7190F22883CF7009730B1 /* ArtCoverCell.swift in Sources */,
				31C7190B22883B55009730B1 /* PreviewPage.swift in Sources */,
				3123A4942288439F00B4531C /* DetailViewController.swift in Sources */,
			);
			runOnlyForDeploymentPostprocessing = 0;
		};
/* End PBXSourcesBuildPhase section */

/* Begin PBXVariantGroup section */
		31C718FC22883AD5009730B1 /* Main.storyboard */ = {
			isa = PBXVariantGroup;
			children = (
				31C718FD22883AD5009730B1 /* Base */,
			);
			name = Main.storyboard;
			sourceTree = "<group>";
		};
		31C7190122883AD6009730B1 /* LaunchScreen.storyboard */ = {
			isa = PBXVariantGroup;
			children = (
				31C7190222883AD6009730B1 /* Base */,
			);
			name = LaunchScreen.storyboard;
			sourceTree = "<group>";
		};
/* End PBXVariantGroup section */

/* Begin XCBuildConfiguration section */
		31C7190522883AD6009730B1 /* Debug */ = {
			isa = XCBuildConfiguration;
			buildSettings = {
				ALWAYS_SEARCH_USER_PATHS = NO;
				CLANG_ANALYZER_NONNULL = YES;
				CLANG_ANALYZER_NUMBER_OBJECT_CONVERSION = YES_AGGRESSIVE;
				CLANG_CXX_LANGUAGE_STANDARD = "gnu++14";
				CLANG_CXX_LIBRARY = "libc++";
				CLANG_ENABLE_MODULES = YES;
				CLANG_ENABLE_OBJC_ARC = YES;
				CLANG_ENABLE_OBJC_WEAK = YES;
				CLANG_WARN_BLOCK_CAPTURE_AUTORELEASING = YES;
				CLANG_WARN_BOOL_CONVERSION = YES;
				CLANG_WARN_COMMA = YES;
				CLANG_WARN_CONSTANT_CONVERSION = YES;
				CLANG_WARN_DEPRECATED_OBJC_IMPLEMENTATIONS = YES;
				CLANG_WARN_DIRECT_OBJC_ISA_USAGE = YES_ERROR;
				CLANG_WARN_DOCUMENTATION_COMMENTS = YES;
				CLANG_WARN_EMPTY_BODY = YES;
				CLANG_WARN_ENUM_CONVERSION = YES;
				CLANG_WARN_INFINITE_RECURSION = YES;
				CLANG_WARN_INT_CONVERSION = YES;
				CLANG_WARN_NON_LITERAL_NULL_CONVERSION = YES;
				CLANG_WARN_OBJC_IMPLICIT_RETAIN_SELF = YES;
				CLANG_WARN_OBJC_LITERAL_CONVERSION = YES;
				CLANG_WARN_OBJC_ROOT_CLASS = YES_ERROR;
				CLANG_WARN_RANGE_LOOP_ANALYSIS = YES;
				CLANG_WARN_STRICT_PROTOTYPES = YES;
				CLANG_WARN_SUSPICIOUS_MOVE = YES;
				CLANG_WARN_UNGUARDED_AVAILABILITY = YES_AGGRESSIVE;
				CLANG_WARN_UNREACHABLE_CODE = YES;
				CLANG_WARN__DUPLICATE_METHOD_MATCH = YES;
				CODE_SIGN_IDENTITY = "iPhone Developer";
				COPY_PHASE_STRIP = NO;
				DEBUG_INFORMATION_FORMAT = dwarf;
				ENABLE_STRICT_OBJC_MSGSEND = YES;
				ENABLE_TESTABILITY = YES;
				GCC_C_LANGUAGE_STANDARD = gnu11;
				GCC_DYNAMIC_NO_PIC = NO;
				GCC_NO_COMMON_BLOCKS = YES;
				GCC_OPTIMIZATION_LEVEL = 0;
				GCC_PREPROCESSOR_DEFINITIONS = (
					"DEBUG=1",
					"$(inherited)",
				);
				GCC_WARN_64_TO_32_BIT_CONVERSION = YES;
				GCC_WARN_ABOUT_RETURN_TYPE = YES_ERROR;
				GCC_WARN_UNDECLARED_SELECTOR = YES;
				GCC_WARN_UNINITIALIZED_AUTOS = YES_AGGRESSIVE;
				GCC_WARN_UNUSED_FUNCTION = YES;
				GCC_WARN_UNUSED_VARIABLE = YES;
				IPHONEOS_DEPLOYMENT_TARGET = 12.2;
				MTL_ENABLE_DEBUG_INFO = INCLUDE_SOURCE;
				MTL_FAST_MATH = YES;
				ONLY_ACTIVE_ARCH = YES;
				SDKROOT = iphoneos;
				SWIFT_ACTIVE_COMPILATION_CONDITIONS = DEBUG;
				SWIFT_OPTIMIZATION_LEVEL = "-Onone";
			};
			name = Debug;
		};
		31C7190622883AD6009730B1 /* Release */ = {
			isa = XCBuildConfiguration;
			buildSettings = {
				ALWAYS_SEARCH_USER_PATHS = NO;
				CLANG_ANALYZER_NONNULL = YES;
				CLANG_ANALYZER_NUMBER_OBJECT_CONVERSION = YES_AGGRESSIVE;
				CLANG_CXX_LANGUAGE_STANDARD = "gnu++14";
				CLANG_CXX_LIBRARY = "libc++";
				CLANG_ENABLE_MODULES = YES;
				CLANG_ENABLE_OBJC_ARC = YES;
				CLANG_ENABLE_OBJC_WEAK = YES;
				CLANG_WARN_BLOCK_CAPTURE_AUTORELEASING = YES;
				CLANG_WARN_BOOL_CONVERSION = YES;
				CLANG_WARN_COMMA = YES;
				CLANG_WARN_CONSTANT_CONVERSION = YES;
				CLANG_WARN_DEPRECATED_OBJC_IMPLEMENTATIONS = YES;
				CLANG_WARN_DIRECT_OBJC_ISA_USAGE = YES_ERROR;
				CLANG_WARN_DOCUMENTATION_COMMENTS = YES;
				CLANG_WARN_EMPTY_BODY = YES;
				CLANG_WARN_ENUM_CONVERSION = YES;
				CLANG_WARN_INFINITE_RECURSION = YES;
				CLANG_WARN_INT_CONVERSION = YES;
				CLANG_WARN_NON_LITERAL_NULL_CONVERSION = YES;
				CLANG_WARN_OBJC_IMPLICIT_RETAIN_SELF = YES;
				CLANG_WARN_OBJC_LITERAL_CONVERSION = YES;
				CLANG_WARN_OBJC_ROOT_CLASS = YES_ERROR;
				CLANG_WARN_RANGE_LOOP_ANALYSIS = YES;
				CLANG_WARN_STRICT_PROTOTYPES = YES;
				CLANG_WARN_SUSPICIOUS_MOVE = YES;
				CLANG_WARN_UNGUARDED_AVAILABILITY = YES_AGGRESSIVE;
				CLANG_WARN_UNREACHABLE_CODE = YES;
				CLANG_WARN__DUPLICATE_METHOD_MATCH = YES;
				CODE_SIGN_IDENTITY = "iPhone Developer";
				COPY_PHASE_STRIP = NO;
				DEBUG_INFORMATION_FORMAT = "dwarf-with-dsym";
				ENABLE_NS_ASSERTIONS = NO;
				ENABLE_STRICT_OBJC_MSGSEND = YES;
				GCC_C_LANGUAGE_STANDARD = gnu11;
				GCC_NO_COMMON_BLOCKS = YES;
				GCC_WARN_64_TO_32_BIT_CONVERSION = YES;
				GCC_WARN_ABOUT_RETURN_TYPE = YES_ERROR;
				GCC_WARN_UNDECLARED_SELECTOR = YES;
				GCC_WARN_UNINITIALIZED_AUTOS = YES_AGGRESSIVE;
				GCC_WARN_UNUSED_FUNCTION = YES;
				GCC_WARN_UNUSED_VARIABLE = YES;
				IPHONEOS_DEPLOYMENT_TARGET = 12.2;
				MTL_ENABLE_DEBUG_INFO = NO;
				MTL_FAST_MATH = YES;
				SDKROOT = iphoneos;
				SWIFT_COMPILATION_MODE = wholemodule;
				SWIFT_OPTIMIZATION_LEVEL = "-O";
				VALIDATE_PRODUCT = YES;
			};
			name = Release;
		};
		31C7190822883AD6009730B1 /* Debug */ = {
			isa = XCBuildConfiguration;
			buildSettings = {
				ASSETCATALOG_COMPILER_APPICON_NAME = AppIcon;
				CODE_SIGN_STYLE = Automatic;
				DEVELOPMENT_TEAM = HWLUAMHNQZ;
				INFOPLIST_FILE = "UI_Course5 (ArtCover)/Info.plist";
				LD_RUNPATH_SEARCH_PATHS = (
					"$(inherited)",
					"@executable_path/Frameworks",
				);
				PRODUCT_BUNDLE_IDENTIFIER = "exzaproject.UI-Course5--ArtCover-";
				PRODUCT_NAME = "$(TARGET_NAME)";
				SWIFT_VERSION = 5.0;
				TARGETED_DEVICE_FAMILY = "1,2";
			};
			name = Debug;
		};
		31C7190922883AD6009730B1 /* Release */ = {
			isa = XCBuildConfiguration;
			buildSettings = {
				ASSETCATALOG_COMPILER_APPICON_NAME = AppIcon;
				CODE_SIGN_STYLE = Automatic;
				DEVELOPMENT_TEAM = HWLUAMHNQZ;
				INFOPLIST_FILE = "UI_Course5 (ArtCover)/Info.plist";
				LD_RUNPATH_SEARCH_PATHS = (
					"$(inherited)",
					"@executable_path/Frameworks",
				);
				PRODUCT_BUNDLE_IDENTIFIER = "exzaproject.UI-Course5--ArtCover-";
				PRODUCT_NAME = "$(TARGET_NAME)";
				SWIFT_VERSION = 5.0;
				TARGETED_DEVICE_FAMILY = "1,2";
			};
			name = Release;
		};
/* End XCBuildConfiguration section */

/* Begin XCConfigurationList section */
		31C718F022883AD5009730B1 /* Build configuration list for PBXProject "UI_Course5 (ArtCover)" */ = {
			isa = XCConfigurationList;
			buildConfigurations = (
				31C7190522883AD6009730B1 /* Debug */,
				31C7190622883AD6009730B1 /* Release */,
			);
			defaultConfigurationIsVisible = 0;
			defaultConfigurationName = Release;
		};
		31C7190722883AD6009730B1 /* Build configuration list for PBXNativeTarget "UI_Course5 (ArtCover)" */ = {
			isa = XCConfigurationList;
			buildConfigurations = (
				31C7190822883AD6009730B1 /* Debug */,
				31C7190922883AD6009730B1 /* Release */,
			);
			defaultConfigurationIsVisible = 0;
			defaultConfigurationName = Release;
		};
/* End XCConfigurationList section */
	};
	rootObject = 31C718ED22883AD5009730B1 /* Project object */;
}
